// !$*UTF8*$!
{
	archiveVersion = 1;
	classes = {
	};
	objectVersion = 56;
	objects = {

/* Begin PBXBuildFile section */
		840FDC962CBD9DEC006A71E3 /* WebViewPresenter.swift in Sources */ = {isa = PBXBuildFile; fileRef = 840FDC952CBD9DEC006A71E3 /* WebViewPresenter.swift */; };
		840FDC982CBDB0C8006A71E3 /* AuthHelper.swift in Sources */ = {isa = PBXBuildFile; fileRef = 840FDC972CBDB0C8006A71E3 /* AuthHelper.swift */; };
		840FDCA02CBDB3BF006A71E3 /* WebViewTests.swift in Sources */ = {isa = PBXBuildFile; fileRef = 840FDC9F2CBDB3BF006A71E3 /* WebViewTests.swift */; };
		840FDCB22CC1AB45006A71E3 /* ImageFeedUITests.swift in Sources */ = {isa = PBXBuildFile; fileRef = 840FDCB12CC1AB45006A71E3 /* ImageFeedUITests.swift */; };
		840FDCB42CC1AB45006A71E3 /* ImageFeedUITestsLaunchTests.swift in Sources */ = {isa = PBXBuildFile; fileRef = 840FDCB32CC1AB45006A71E3 /* ImageFeedUITestsLaunchTests.swift */; };
		840FDCBE2CC448BA006A71E3 /* ProfileViewPresenter.swift in Sources */ = {isa = PBXBuildFile; fileRef = 840FDCBD2CC448BA006A71E3 /* ProfileViewPresenter.swift */; };
		840FDCC02CC4F9D2006A71E3 /* ImagesListPresenter.swift in Sources */ = {isa = PBXBuildFile; fileRef = 840FDCBF2CC4F9D2006A71E3 /* ImagesListPresenter.swift */; };
		840FDCC82CC50E21006A71E3 /* ProfileTest.swift in Sources */ = {isa = PBXBuildFile; fileRef = 840FDCC72CC50E21006A71E3 /* ProfileTest.swift */; };
		840FDCDB2CC515DD006A71E3 /* ImagesListTest.swift in Sources */ = {isa = PBXBuildFile; fileRef = 840FDCDA2CC515DD006A71E3 /* ImagesListTest.swift */; };
		840FDCE32CC5A3EC006A71E3 /* ProfileResult.swift in Sources */ = {isa = PBXBuildFile; fileRef = 840FDCE22CC5A3EC006A71E3 /* ProfileResult.swift */; };
		840FDCE52CC5A42F006A71E3 /* Profile.swift in Sources */ = {isa = PBXBuildFile; fileRef = 840FDCE42CC5A42F006A71E3 /* Profile.swift */; };
		840FDCEA2CC5ADAF006A71E3 /* WebViewPresenterSpy.swift in Sources */ = {isa = PBXBuildFile; fileRef = 840FDCA62CBDB57D006A71E3 /* WebViewPresenterSpy.swift */; };
		840FDCEB2CC5ADB3006A71E3 /* WebViewViewControllerSpy.swift in Sources */ = {isa = PBXBuildFile; fileRef = 840FDCA92CC05BB0006A71E3 /* WebViewViewControllerSpy.swift */; };
		840FDCEC2CC5ADC1006A71E3 /* ProfileViewControllerSpy.swift in Sources */ = {isa = PBXBuildFile; fileRef = 840FDCCE2CC50FFB006A71E3 /* ProfileViewControllerSpy.swift */; };
		840FDCED2CC5ADC5006A71E3 /* ProfileViewPresenterSpy.swift in Sources */ = {isa = PBXBuildFile; fileRef = 840FDCD02CC51009006A71E3 /* ProfileViewPresenterSpy.swift */; };
		840FDCEE2CC5ADCB006A71E3 /* ImagesListViewControllerSpy.swift in Sources */ = {isa = PBXBuildFile; fileRef = 840FDCE62CC5AA21006A71E3 /* ImagesListViewControllerSpy.swift */; };
		840FDCEF2CC5ADCF006A71E3 /* ImagesListPresenterSpy.swift in Sources */ = {isa = PBXBuildFile; fileRef = 840FDCE82CC5AA35006A71E3 /* ImagesListPresenterSpy.swift */; };
		842F72212CB2E584002BC752 /* ProfileLogoutService.swift in Sources */ = {isa = PBXBuildFile; fileRef = 842F72202CB2E584002BC752 /* ProfileLogoutService.swift */; };
		843928F92C9B08B800640076 /* Kingfisher in Frameworks */ = {isa = PBXBuildFile; productRef = 843928F82C9B08B800640076 /* Kingfisher */; };
		843928FC2C9B701600640076 /* SwiftKeychainWrapper in Frameworks */ = {isa = PBXBuildFile; productRef = 843928FB2C9B701600640076 /* SwiftKeychainWrapper */; };
		843928FE2C9C4F6A00640076 /* TabBarController.swift in Sources */ = {isa = PBXBuildFile; fileRef = 843928FD2C9C4F6A00640076 /* TabBarController.swift */; };
		843929062CA729E900640076 /* ImagesListService.swift in Sources */ = {isa = PBXBuildFile; fileRef = 843929052CA729E900640076 /* ImagesListService.swift */; };
		843929102CAB407D00640076 /* ImagesListServiceTests.swift in Sources */ = {isa = PBXBuildFile; fileRef = 8439290F2CAB407D00640076 /* ImagesListServiceTests.swift */; };
		843929172CAF175200640076 /* PhotoResult.swift in Sources */ = {isa = PBXBuildFile; fileRef = 843929162CAF175200640076 /* PhotoResult.swift */; };
		843929192CAF179500640076 /* Photo.swift in Sources */ = {isa = PBXBuildFile; fileRef = 843929182CAF179500640076 /* Photo.swift */; };
		8443A59B2C60115300270243 /* ImagesListCell.swift in Sources */ = {isa = PBXBuildFile; fileRef = 8443A59A2C60115300270243 /* ImagesListCell.swift */; };
		8443A59E2C640EDB00270243 /* ProfileViewController.swift in Sources */ = {isa = PBXBuildFile; fileRef = 8443A59D2C640EDB00270243 /* ProfileViewController.swift */; };
		8443A5A02C6A92D200270243 /* SingleImageViewController.swift in Sources */ = {isa = PBXBuildFile; fileRef = 8443A59F2C6A92D200270243 /* SingleImageViewController.swift */; };
		8443A5A32C6E9AE200270243 /* Main.storyboard in Resources */ = {isa = PBXBuildFile; fileRef = 84AD16F62C5C143B003B1BB0 /* Main.storyboard */; };
		8443A5A52C7A703600270243 /* AuthConfiguration.swift in Sources */ = {isa = PBXBuildFile; fileRef = 8443A5A42C7A703500270243 /* AuthConfiguration.swift */; };
		8443A5A72C7BBFD800270243 /* AuthViewController.swift in Sources */ = {isa = PBXBuildFile; fileRef = 8443A5A62C7BBFD800270243 /* AuthViewController.swift */; };
		8443A5AA2C7BC39900270243 /* WebViewViewController.swift in Sources */ = {isa = PBXBuildFile; fileRef = 8443A5A92C7BC39900270243 /* WebViewViewController.swift */; };
		8443A5AD2C81038600270243 /* OAuth2Service.swift in Sources */ = {isa = PBXBuildFile; fileRef = 8443A5AC2C81038600270243 /* OAuth2Service.swift */; };
		8443A5B32C8636D600270243 /* OAuthTokenResponseBody.swift in Sources */ = {isa = PBXBuildFile; fileRef = 8443A5B22C8636D600270243 /* OAuthTokenResponseBody.swift */; };
		8443A5B52C863AD400270243 /* OAuth2TokenStorage.swift in Sources */ = {isa = PBXBuildFile; fileRef = 8443A5B42C863AD400270243 /* OAuth2TokenStorage.swift */; };
		8443A5B72C8769EE00270243 /* SplashViewController.swift in Sources */ = {isa = PBXBuildFile; fileRef = 8443A5B62C8769EE00270243 /* SplashViewController.swift */; };
		8443A5BB2C88D34100270243 /* URLSession+data.swift in Sources */ = {isa = PBXBuildFile; fileRef = 8443A5BA2C88D34100270243 /* URLSession+data.swift */; };
		8443A5C12C90A54700270243 /* ProgressHUD in Frameworks */ = {isa = PBXBuildFile; productRef = 8443A5C02C90A54700270243 /* ProgressHUD */; };
		8443A5C32C95EA1900270243 /* UIBlockingProgressHUD.swift in Sources */ = {isa = PBXBuildFile; fileRef = 8443A5C22C95EA1900270243 /* UIBlockingProgressHUD.swift */; };
		8443A5C52C9614EB00270243 /* ProfileService.swift in Sources */ = {isa = PBXBuildFile; fileRef = 8443A5C42C9614EB00270243 /* ProfileService.swift */; };
		8443A5C72C96166200270243 /* ProfileImageService.swift in Sources */ = {isa = PBXBuildFile; fileRef = 8443A5C62C96166200270243 /* ProfileImageService.swift */; };
		84AD16F12C5C143B003B1BB0 /* AppDelegate.swift in Sources */ = {isa = PBXBuildFile; fileRef = 84AD16F02C5C143B003B1BB0 /* AppDelegate.swift */; };
		84AD16F32C5C143B003B1BB0 /* SceneDelegate.swift in Sources */ = {isa = PBXBuildFile; fileRef = 84AD16F22C5C143B003B1BB0 /* SceneDelegate.swift */; };
		84AD16F52C5C143B003B1BB0 /* ImagesListViewController.swift in Sources */ = {isa = PBXBuildFile; fileRef = 84AD16F42C5C143B003B1BB0 /* ImagesListViewController.swift */; };
		84AD16F82C5C143B003B1BB0 /* Base in Resources */ = {isa = PBXBuildFile; fileRef = 84AD16F72C5C143B003B1BB0 /* Base */; };
		84AD16FA2C5C143D003B1BB0 /* Assets.xcassets in Resources */ = {isa = PBXBuildFile; fileRef = 84AD16F92C5C143D003B1BB0 /* Assets.xcassets */; };
		84AD16FD2C5C143D003B1BB0 /* Base in Resources */ = {isa = PBXBuildFile; fileRef = 84AD16FC2C5C143D003B1BB0 /* Base */; };
/* End PBXBuildFile section */

/* Begin PBXContainerItemProxy section */
		840FDCA12CBDB3BF006A71E3 /* PBXContainerItemProxy */ = {
			isa = PBXContainerItemProxy;
			containerPortal = 84AD16E52C5C143B003B1BB0 /* Project object */;
			proxyType = 1;
			remoteGlobalIDString = 84AD16EC2C5C143B003B1BB0;
			remoteInfo = ImageFeed;
		};
		840FDCB52CC1AB45006A71E3 /* PBXContainerItemProxy */ = {
			isa = PBXContainerItemProxy;
			containerPortal = 84AD16E52C5C143B003B1BB0 /* Project object */;
			proxyType = 1;
			remoteGlobalIDString = 84AD16EC2C5C143B003B1BB0;
			remoteInfo = ImageFeed;
		};
		840FDCC92CC50E21006A71E3 /* PBXContainerItemProxy */ = {
			isa = PBXContainerItemProxy;
			containerPortal = 84AD16E52C5C143B003B1BB0 /* Project object */;
			proxyType = 1;
			remoteGlobalIDString = 84AD16EC2C5C143B003B1BB0;
			remoteInfo = ImageFeed;
		};
		840FDCDC2CC515DD006A71E3 /* PBXContainerItemProxy */ = {
			isa = PBXContainerItemProxy;
			containerPortal = 84AD16E52C5C143B003B1BB0 /* Project object */;
			proxyType = 1;
			remoteGlobalIDString = 84AD16EC2C5C143B003B1BB0;
			remoteInfo = ImageFeed;
		};
		843929112CAB407D00640076 /* PBXContainerItemProxy */ = {
			isa = PBXContainerItemProxy;
			containerPortal = 84AD16E52C5C143B003B1BB0 /* Project object */;
			proxyType = 1;
			remoteGlobalIDString = 84AD16EC2C5C143B003B1BB0;
			remoteInfo = ImageFeed;
		};
/* End PBXContainerItemProxy section */

/* Begin PBXFileReference section */
		840FDC952CBD9DEC006A71E3 /* WebViewPresenter.swift */ = {isa = PBXFileReference; lastKnownFileType = sourcecode.swift; path = WebViewPresenter.swift; sourceTree = "<group>"; };
		840FDC972CBDB0C8006A71E3 /* AuthHelper.swift */ = {isa = PBXFileReference; lastKnownFileType = sourcecode.swift; path = AuthHelper.swift; sourceTree = "<group>"; };
		840FDC9D2CBDB3BF006A71E3 /* ImageFeedTests_2.xctest */ = {isa = PBXFileReference; explicitFileType = wrapper.cfbundle; includeInIndex = 0; path = ImageFeedTests_2.xctest; sourceTree = BUILT_PRODUCTS_DIR; };
		840FDC9F2CBDB3BF006A71E3 /* WebViewTests.swift */ = {isa = PBXFileReference; lastKnownFileType = sourcecode.swift; path = WebViewTests.swift; sourceTree = "<group>"; };
		840FDCA62CBDB57D006A71E3 /* WebViewPresenterSpy.swift */ = {isa = PBXFileReference; lastKnownFileType = sourcecode.swift; path = WebViewPresenterSpy.swift; sourceTree = "<group>"; };
		840FDCA92CC05BB0006A71E3 /* WebViewViewControllerSpy.swift */ = {isa = PBXFileReference; lastKnownFileType = sourcecode.swift; path = WebViewViewControllerSpy.swift; sourceTree = "<group>"; };
		840FDCAF2CC1AB45006A71E3 /* ImageFeedUITests.xctest */ = {isa = PBXFileReference; explicitFileType = wrapper.cfbundle; includeInIndex = 0; path = ImageFeedUITests.xctest; sourceTree = BUILT_PRODUCTS_DIR; };
		840FDCB12CC1AB45006A71E3 /* ImageFeedUITests.swift */ = {isa = PBXFileReference; lastKnownFileType = sourcecode.swift; path = ImageFeedUITests.swift; sourceTree = "<group>"; };
		840FDCB32CC1AB45006A71E3 /* ImageFeedUITestsLaunchTests.swift */ = {isa = PBXFileReference; lastKnownFileType = sourcecode.swift; path = ImageFeedUITestsLaunchTests.swift; sourceTree = "<group>"; };
		840FDCBD2CC448BA006A71E3 /* ProfileViewPresenter.swift */ = {isa = PBXFileReference; lastKnownFileType = sourcecode.swift; path = ProfileViewPresenter.swift; sourceTree = "<group>"; };
		840FDCBF2CC4F9D2006A71E3 /* ImagesListPresenter.swift */ = {isa = PBXFileReference; lastKnownFileType = sourcecode.swift; path = ImagesListPresenter.swift; sourceTree = "<group>"; };
		840FDCC52CC50E21006A71E3 /* ProfileTest.xctest */ = {isa = PBXFileReference; explicitFileType = wrapper.cfbundle; includeInIndex = 0; path = ProfileTest.xctest; sourceTree = BUILT_PRODUCTS_DIR; };
		840FDCC72CC50E21006A71E3 /* ProfileTest.swift */ = {isa = PBXFileReference; lastKnownFileType = sourcecode.swift; path = ProfileTest.swift; sourceTree = "<group>"; };
		840FDCCE2CC50FFB006A71E3 /* ProfileViewControllerSpy.swift */ = {isa = PBXFileReference; lastKnownFileType = sourcecode.swift; path = ProfileViewControllerSpy.swift; sourceTree = "<group>"; };
		840FDCD02CC51009006A71E3 /* ProfileViewPresenterSpy.swift */ = {isa = PBXFileReference; lastKnownFileType = sourcecode.swift; path = ProfileViewPresenterSpy.swift; sourceTree = "<group>"; };
		840FDCD82CC515DD006A71E3 /* ImagesListViewTest.xctest */ = {isa = PBXFileReference; explicitFileType = wrapper.cfbundle; includeInIndex = 0; path = ImagesListViewTest.xctest; sourceTree = BUILT_PRODUCTS_DIR; };
		840FDCDA2CC515DD006A71E3 /* ImagesListTest.swift */ = {isa = PBXFileReference; lastKnownFileType = sourcecode.swift; path = ImagesListTest.swift; sourceTree = "<group>"; };
		840FDCE22CC5A3EC006A71E3 /* ProfileResult.swift */ = {isa = PBXFileReference; lastKnownFileType = sourcecode.swift; path = ProfileResult.swift; sourceTree = "<group>"; };
		840FDCE42CC5A42F006A71E3 /* Profile.swift */ = {isa = PBXFileReference; lastKnownFileType = sourcecode.swift; path = Profile.swift; sourceTree = "<group>"; };
		840FDCE62CC5AA21006A71E3 /* ImagesListViewControllerSpy.swift */ = {isa = PBXFileReference; lastKnownFileType = sourcecode.swift; path = ImagesListViewControllerSpy.swift; sourceTree = "<group>"; };
		840FDCE82CC5AA35006A71E3 /* ImagesListPresenterSpy.swift */ = {isa = PBXFileReference; lastKnownFileType = sourcecode.swift; path = ImagesListPresenterSpy.swift; sourceTree = "<group>"; };
		842F72202CB2E584002BC752 /* ProfileLogoutService.swift */ = {isa = PBXFileReference; lastKnownFileType = sourcecode.swift; path = ProfileLogoutService.swift; sourceTree = "<group>"; };
		843928FD2C9C4F6A00640076 /* TabBarController.swift */ = {isa = PBXFileReference; lastKnownFileType = sourcecode.swift; path = TabBarController.swift; sourceTree = "<group>"; };
		843929052CA729E900640076 /* ImagesListService.swift */ = {isa = PBXFileReference; lastKnownFileType = sourcecode.swift; path = ImagesListService.swift; sourceTree = "<group>"; };
		8439290D2CAB407D00640076 /* ImageFeedTests.xctest */ = {isa = PBXFileReference; explicitFileType = wrapper.cfbundle; includeInIndex = 0; path = ImageFeedTests.xctest; sourceTree = BUILT_PRODUCTS_DIR; };
		8439290F2CAB407D00640076 /* ImagesListServiceTests.swift */ = {isa = PBXFileReference; lastKnownFileType = sourcecode.swift; path = ImagesListServiceTests.swift; sourceTree = "<group>"; };
		843929162CAF175200640076 /* PhotoResult.swift */ = {isa = PBXFileReference; lastKnownFileType = sourcecode.swift; path = PhotoResult.swift; sourceTree = "<group>"; };
		843929182CAF179500640076 /* Photo.swift */ = {isa = PBXFileReference; lastKnownFileType = sourcecode.swift; path = Photo.swift; sourceTree = "<group>"; };
		8443A59A2C60115300270243 /* ImagesListCell.swift */ = {isa = PBXFileReference; lastKnownFileType = sourcecode.swift; path = ImagesListCell.swift; sourceTree = "<group>"; };
		8443A59D2C640EDB00270243 /* ProfileViewController.swift */ = {isa = PBXFileReference; lastKnownFileType = sourcecode.swift; path = ProfileViewController.swift; sourceTree = "<group>"; };
		8443A59F2C6A92D200270243 /* SingleImageViewController.swift */ = {isa = PBXFileReference; lastKnownFileType = sourcecode.swift; path = SingleImageViewController.swift; sourceTree = "<group>"; };
		8443A5A42C7A703500270243 /* AuthConfiguration.swift */ = {isa = PBXFileReference; lastKnownFileType = sourcecode.swift; path = AuthConfiguration.swift; sourceTree = "<group>"; };
		8443A5A62C7BBFD800270243 /* AuthViewController.swift */ = {isa = PBXFileReference; lastKnownFileType = sourcecode.swift; path = AuthViewController.swift; sourceTree = "<group>"; };
		8443A5A92C7BC39900270243 /* WebViewViewController.swift */ = {isa = PBXFileReference; lastKnownFileType = sourcecode.swift; path = WebViewViewController.swift; sourceTree = "<group>"; };
		8443A5AC2C81038600270243 /* OAuth2Service.swift */ = {isa = PBXFileReference; lastKnownFileType = sourcecode.swift; path = OAuth2Service.swift; sourceTree = "<group>"; };
		8443A5B22C8636D600270243 /* OAuthTokenResponseBody.swift */ = {isa = PBXFileReference; lastKnownFileType = sourcecode.swift; path = OAuthTokenResponseBody.swift; sourceTree = "<group>"; };
		8443A5B42C863AD400270243 /* OAuth2TokenStorage.swift */ = {isa = PBXFileReference; lastKnownFileType = sourcecode.swift; path = OAuth2TokenStorage.swift; sourceTree = "<group>"; };
		8443A5B62C8769EE00270243 /* SplashViewController.swift */ = {isa = PBXFileReference; lastKnownFileType = sourcecode.swift; path = SplashViewController.swift; sourceTree = "<group>"; };
		8443A5BA2C88D34100270243 /* URLSession+data.swift */ = {isa = PBXFileReference; lastKnownFileType = sourcecode.swift; path = "URLSession+data.swift"; sourceTree = "<group>"; };
		8443A5C22C95EA1900270243 /* UIBlockingProgressHUD.swift */ = {isa = PBXFileReference; lastKnownFileType = sourcecode.swift; path = UIBlockingProgressHUD.swift; sourceTree = "<group>"; };
		8443A5C42C9614EB00270243 /* ProfileService.swift */ = {isa = PBXFileReference; lastKnownFileType = sourcecode.swift; path = ProfileService.swift; sourceTree = "<group>"; };
		8443A5C62C96166200270243 /* ProfileImageService.swift */ = {isa = PBXFileReference; lastKnownFileType = sourcecode.swift; path = ProfileImageService.swift; sourceTree = "<group>"; };
		84AD16ED2C5C143B003B1BB0 /* ImageFeed.app */ = {isa = PBXFileReference; explicitFileType = wrapper.application; includeInIndex = 0; path = ImageFeed.app; sourceTree = BUILT_PRODUCTS_DIR; };
		84AD16F02C5C143B003B1BB0 /* AppDelegate.swift */ = {isa = PBXFileReference; lastKnownFileType = sourcecode.swift; path = AppDelegate.swift; sourceTree = "<group>"; };
		84AD16F22C5C143B003B1BB0 /* SceneDelegate.swift */ = {isa = PBXFileReference; lastKnownFileType = sourcecode.swift; path = SceneDelegate.swift; sourceTree = "<group>"; };
		84AD16F42C5C143B003B1BB0 /* ImagesListViewController.swift */ = {isa = PBXFileReference; lastKnownFileType = sourcecode.swift; path = ImagesListViewController.swift; sourceTree = "<group>"; };
		84AD16F72C5C143B003B1BB0 /* Base */ = {isa = PBXFileReference; lastKnownFileType = file.storyboard; name = Base; path = Base.lproj/Main.storyboard; sourceTree = "<group>"; };
		84AD16F92C5C143D003B1BB0 /* Assets.xcassets */ = {isa = PBXFileReference; lastKnownFileType = folder.assetcatalog; path = Assets.xcassets; sourceTree = "<group>"; };
		84AD16FC2C5C143D003B1BB0 /* Base */ = {isa = PBXFileReference; lastKnownFileType = file.storyboard; name = Base; path = Base.lproj/LaunchScreen.storyboard; sourceTree = "<group>"; };
		84AD16FE2C5C143D003B1BB0 /* Info.plist */ = {isa = PBXFileReference; lastKnownFileType = text.plist.xml; path = Info.plist; sourceTree = "<group>"; };
/* End PBXFileReference section */

/* Begin PBXFrameworksBuildPhase section */
		840FDC9A2CBDB3BF006A71E3 /* Frameworks */ = {
			isa = PBXFrameworksBuildPhase;
			buildActionMask = 2147483647;
			files = (
			);
			runOnlyForDeploymentPostprocessing = 0;
		};
		840FDCAC2CC1AB45006A71E3 /* Frameworks */ = {
			isa = PBXFrameworksBuildPhase;
			buildActionMask = 2147483647;
			files = (
			);
			runOnlyForDeploymentPostprocessing = 0;
		};
		840FDCC22CC50E21006A71E3 /* Frameworks */ = {
			isa = PBXFrameworksBuildPhase;
			buildActionMask = 2147483647;
			files = (
			);
			runOnlyForDeploymentPostprocessing = 0;
		};
		840FDCD52CC515DD006A71E3 /* Frameworks */ = {
			isa = PBXFrameworksBuildPhase;
			buildActionMask = 2147483647;
			files = (
			);
			runOnlyForDeploymentPostprocessing = 0;
		};
		8439290A2CAB407D00640076 /* Frameworks */ = {
			isa = PBXFrameworksBuildPhase;
			buildActionMask = 2147483647;
			files = (
			);
			runOnlyForDeploymentPostprocessing = 0;
		};
		84AD16EA2C5C143B003B1BB0 /* Frameworks */ = {
			isa = PBXFrameworksBuildPhase;
			buildActionMask = 2147483647;
			files = (
				843928F92C9B08B800640076 /* Kingfisher in Frameworks */,
				8443A5C12C90A54700270243 /* ProgressHUD in Frameworks */,
				843928FC2C9B701600640076 /* SwiftKeychainWrapper in Frameworks */,
			);
			runOnlyForDeploymentPostprocessing = 0;
		};
/* End PBXFrameworksBuildPhase section */

/* Begin PBXGroup section */
		840FDC9E2CBDB3BF006A71E3 /* WebViewTest */ = {
			isa = PBXGroup;
			children = (
				840FDC9F2CBDB3BF006A71E3 /* WebViewTests.swift */,
				840FDCA62CBDB57D006A71E3 /* WebViewPresenterSpy.swift */,
				840FDCA92CC05BB0006A71E3 /* WebViewViewControllerSpy.swift */,
			);
			path = WebViewTest;
			sourceTree = "<group>";
		};
		840FDCA82CC04FD2006A71E3 /* WebView */ = {
			isa = PBXGroup;
			children = (
				8443A5A92C7BC39900270243 /* WebViewViewController.swift */,
				840FDC952CBD9DEC006A71E3 /* WebViewPresenter.swift */,
			);
			path = WebView;
			sourceTree = "<group>";
		};
		840FDCB02CC1AB45006A71E3 /* ImageFeedUITests */ = {
			isa = PBXGroup;
			children = (
				840FDCB12CC1AB45006A71E3 /* ImageFeedUITests.swift */,
				840FDCB32CC1AB45006A71E3 /* ImageFeedUITestsLaunchTests.swift */,
			);
			path = ImageFeedUITests;
			sourceTree = "<group>";
		};
		840FDCBC2CC4489E006A71E3 /* ProfileView */ = {
			isa = PBXGroup;
			children = (
				8443A59D2C640EDB00270243 /* ProfileViewController.swift */,
				840FDCBD2CC448BA006A71E3 /* ProfileViewPresenter.swift */,
				842F72202CB2E584002BC752 /* ProfileLogoutService.swift */,
			);
			path = ProfileView;
			sourceTree = "<group>";
		};
		840FDCC62CC50E21006A71E3 /* ProfileTest */ = {
			isa = PBXGroup;
			children = (
				840FDCC72CC50E21006A71E3 /* ProfileTest.swift */,
				840FDCCE2CC50FFB006A71E3 /* ProfileViewControllerSpy.swift */,
				840FDCD02CC51009006A71E3 /* ProfileViewPresenterSpy.swift */,
			);
			path = ProfileTest;
			sourceTree = "<group>";
		};
		840FDCD92CC515DD006A71E3 /* ImagesListTest */ = {
			isa = PBXGroup;
			children = (
				840FDCDA2CC515DD006A71E3 /* ImagesListTest.swift */,
				840FDCE62CC5AA21006A71E3 /* ImagesListViewControllerSpy.swift */,
				840FDCE82CC5AA35006A71E3 /* ImagesListPresenterSpy.swift */,
			);
			path = ImagesListTest;
			sourceTree = "<group>";
		};
		840FDCE12CC5A3CF006A71E3 /* Profile */ = {
			isa = PBXGroup;
			children = (
				840FDCE22CC5A3EC006A71E3 /* ProfileResult.swift */,
				840FDCE42CC5A42F006A71E3 /* Profile.swift */,
			);
			path = Profile;
			sourceTree = "<group>";
		};
		843928FF2C9C984000640076 /* TabBar */ = {
			isa = PBXGroup;
			children = (
				843928FD2C9C4F6A00640076 /* TabBarController.swift */,
			);
			name = TabBar;
			sourceTree = "<group>";
		};
		843929022CA4A42300640076 /* Controllers */ = {
			isa = PBXGroup;
			children = (
				8443A5A12C6D345900270243 /* SingleImage */,
				8443A59C2C6011A800270243 /* ImagesList */,
				8443A5B62C8769EE00270243 /* SplashViewController.swift */,
				840FDCA82CC04FD2006A71E3 /* WebView */,
				8443A5A62C7BBFD800270243 /* AuthViewController.swift */,
				840FDCBC2CC4489E006A71E3 /* ProfileView */,
			);
			path = Controllers;
			sourceTree = "<group>";
		};
		8439290E2CAB407D00640076 /* ImageFeedTests */ = {
			isa = PBXGroup;
			children = (
				8439290F2CAB407D00640076 /* ImagesListServiceTests.swift */,
			);
			path = ImageFeedTests;
			sourceTree = "<group>";
		};
		8439291A2CAF17B500640076 /* Photos */ = {
			isa = PBXGroup;
			children = (
				843929162CAF175200640076 /* PhotoResult.swift */,
				843929182CAF179500640076 /* Photo.swift */,
			);
			path = Photos;
			sourceTree = "<group>";
		};
		8439291B2CAF17CB00640076 /* Token */ = {
			isa = PBXGroup;
			children = (
				8443A5B22C8636D600270243 /* OAuthTokenResponseBody.swift */,
			);
			path = Token;
			sourceTree = "<group>";
		};
		8443A59C2C6011A800270243 /* ImagesList */ = {
			isa = PBXGroup;
			children = (
				843929052CA729E900640076 /* ImagesListService.swift */,
				84AD16F42C5C143B003B1BB0 /* ImagesListViewController.swift */,
				8443A59A2C60115300270243 /* ImagesListCell.swift */,
				840FDCBF2CC4F9D2006A71E3 /* ImagesListPresenter.swift */,
			);
			path = ImagesList;
			sourceTree = "<group>";
		};
		8443A5A12C6D345900270243 /* SingleImage */ = {
			isa = PBXGroup;
			children = (
				8443A59F2C6A92D200270243 /* SingleImageViewController.swift */,
			);
			path = SingleImage;
			sourceTree = "<group>";
		};
		8443A5A22C6D346E00270243 /* ProfileNetworkLayer */ = {
			isa = PBXGroup;
			children = (
				8443A5C42C9614EB00270243 /* ProfileService.swift */,
				8443A5C62C96166200270243 /* ProfileImageService.swift */,
			);
			path = ProfileNetworkLayer;
			sourceTree = "<group>";
		};
		8443A5A82C7BBFE200270243 /* AuthNetworkLayer */ = {
			isa = PBXGroup;
			children = (
				8443A5AC2C81038600270243 /* OAuth2Service.swift */,
				8443A5B42C863AD400270243 /* OAuth2TokenStorage.swift */,
				840FDC972CBDB0C8006A71E3 /* AuthHelper.swift */,
			);
			path = AuthNetworkLayer;
			sourceTree = "<group>";
		};
		8443A5B82C88D0BE00270243 /* UnsplashAPIData */ = {
			isa = PBXGroup;
			children = (
				8443A5A42C7A703500270243 /* AuthConfiguration.swift */,
			);
			path = UnsplashAPIData;
			sourceTree = "<group>";
		};
		8443A5B92C88D0DC00270243 /* NetworkClientIF */ = {
			isa = PBXGroup;
			children = (
				8443A5BA2C88D34100270243 /* URLSession+data.swift */,
			);
			path = NetworkClientIF;
			sourceTree = "<group>";
		};
		8443A5BE2C88E7DB00270243 /* Models */ = {
			isa = PBXGroup;
			children = (
				840FDCE12CC5A3CF006A71E3 /* Profile */,
				8439291B2CAF17CB00640076 /* Token */,
				8439291A2CAF17B500640076 /* Photos */,
			);
			path = Models;
			sourceTree = "<group>";
		};
		84AD16E42C5C143A003B1BB0 = {
			isa = PBXGroup;
			children = (
				84AD16EF2C5C143B003B1BB0 /* ImageFeed */,
				8439290E2CAB407D00640076 /* ImageFeedTests */,
				840FDC9E2CBDB3BF006A71E3 /* WebViewTest */,
				840FDCC62CC50E21006A71E3 /* ProfileTest */,
				840FDCD92CC515DD006A71E3 /* ImagesListTest */,
				840FDCB02CC1AB45006A71E3 /* ImageFeedUITests */,
				84AD16EE2C5C143B003B1BB0 /* Products */,
			);
			sourceTree = "<group>";
		};
		84AD16EE2C5C143B003B1BB0 /* Products */ = {
			isa = PBXGroup;
			children = (
				84AD16ED2C5C143B003B1BB0 /* ImageFeed.app */,
				8439290D2CAB407D00640076 /* ImageFeedTests.xctest */,
				840FDC9D2CBDB3BF006A71E3 /* ImageFeedTests_2.xctest */,
				840FDCAF2CC1AB45006A71E3 /* ImageFeedUITests.xctest */,
				840FDCC52CC50E21006A71E3 /* ProfileTest.xctest */,
				840FDCD82CC515DD006A71E3 /* ImagesListViewTest.xctest */,
			);
			name = Products;
			sourceTree = "<group>";
		};
		84AD16EF2C5C143B003B1BB0 /* ImageFeed */ = {
			isa = PBXGroup;
			children = (
				84AD16F02C5C143B003B1BB0 /* AppDelegate.swift */,
				84AD16F22C5C143B003B1BB0 /* SceneDelegate.swift */,
				8443A5B92C88D0DC00270243 /* NetworkClientIF */,
				8443A5B82C88D0BE00270243 /* UnsplashAPIData */,
				8443A5BE2C88E7DB00270243 /* Models */,
				843929022CA4A42300640076 /* Controllers */,
				843928FF2C9C984000640076 /* TabBar */,
				8443A5A82C7BBFE200270243 /* AuthNetworkLayer */,
				8443A5A22C6D346E00270243 /* ProfileNetworkLayer */,
				84AD16F62C5C143B003B1BB0 /* Main.storyboard */,
				8443A5C22C95EA1900270243 /* UIBlockingProgressHUD.swift */,
				84AD16F92C5C143D003B1BB0 /* Assets.xcassets */,
				84AD16FB2C5C143D003B1BB0 /* LaunchScreen.storyboard */,
				84AD16FE2C5C143D003B1BB0 /* Info.plist */,
			);
			path = ImageFeed;
			sourceTree = "<group>";
		};
/* End PBXGroup section */

/* Begin PBXNativeTarget section */
		840FDC9C2CBDB3BF006A71E3 /* ImageFeedTests_2 */ = {
			isa = PBXNativeTarget;
			buildConfigurationList = 840FDCA32CBDB3BF006A71E3 /* Build configuration list for PBXNativeTarget "ImageFeedTests_2" */;
			buildPhases = (
				840FDC992CBDB3BF006A71E3 /* Sources */,
				840FDC9A2CBDB3BF006A71E3 /* Frameworks */,
				840FDC9B2CBDB3BF006A71E3 /* Resources */,
			);
			buildRules = (
			);
			dependencies = (
				840FDCA22CBDB3BF006A71E3 /* PBXTargetDependency */,
			);
			name = ImageFeedTests_2;
			productName = ImageFeedTests_2;
			productReference = 840FDC9D2CBDB3BF006A71E3 /* ImageFeedTests_2.xctest */;
			productType = "com.apple.product-type.bundle.unit-test";
		};
		840FDCAE2CC1AB45006A71E3 /* ImageFeedUITests */ = {
			isa = PBXNativeTarget;
			buildConfigurationList = 840FDCB72CC1AB45006A71E3 /* Build configuration list for PBXNativeTarget "ImageFeedUITests" */;
			buildPhases = (
				840FDCAB2CC1AB45006A71E3 /* Sources */,
				840FDCAC2CC1AB45006A71E3 /* Frameworks */,
				840FDCAD2CC1AB45006A71E3 /* Resources */,
			);
			buildRules = (
			);
			dependencies = (
				840FDCB62CC1AB45006A71E3 /* PBXTargetDependency */,
			);
			name = ImageFeedUITests;
			productName = ImageFeedUITests;
			productReference = 840FDCAF2CC1AB45006A71E3 /* ImageFeedUITests.xctest */;
			productType = "com.apple.product-type.bundle.ui-testing";
		};
		840FDCC42CC50E21006A71E3 /* ProfileTest */ = {
			isa = PBXNativeTarget;
			buildConfigurationList = 840FDCCB2CC50E22006A71E3 /* Build configuration list for PBXNativeTarget "ProfileTest" */;
			buildPhases = (
				840FDCC12CC50E21006A71E3 /* Sources */,
				840FDCC22CC50E21006A71E3 /* Frameworks */,
				840FDCC32CC50E21006A71E3 /* Resources */,
			);
			buildRules = (
			);
			dependencies = (
				840FDCCA2CC50E21006A71E3 /* PBXTargetDependency */,
			);
			name = ProfileTest;
			productName = ProfileTest;
			productReference = 840FDCC52CC50E21006A71E3 /* ProfileTest.xctest */;
			productType = "com.apple.product-type.bundle.unit-test";
		};
		840FDCD72CC515DD006A71E3 /* ImagesListViewTest */ = {
			isa = PBXNativeTarget;
			buildConfigurationList = 840FDCE02CC515DD006A71E3 /* Build configuration list for PBXNativeTarget "ImagesListViewTest" */;
			buildPhases = (
				840FDCD42CC515DD006A71E3 /* Sources */,
				840FDCD52CC515DD006A71E3 /* Frameworks */,
				840FDCD62CC515DD006A71E3 /* Resources */,
			);
			buildRules = (
			);
			dependencies = (
				840FDCDD2CC515DD006A71E3 /* PBXTargetDependency */,
			);
			name = ImagesListViewTest;
			productName = ImagesListViewTest;
			productReference = 840FDCD82CC515DD006A71E3 /* ImagesListViewTest.xctest */;
			productType = "com.apple.product-type.bundle.unit-test";
		};
		8439290C2CAB407D00640076 /* ImageFeedTests */ = {
			isa = PBXNativeTarget;
			buildConfigurationList = 843929132CAB407D00640076 /* Build configuration list for PBXNativeTarget "ImageFeedTests" */;
			buildPhases = (
				843929092CAB407D00640076 /* Sources */,
				8439290A2CAB407D00640076 /* Frameworks */,
				8439290B2CAB407D00640076 /* Resources */,
			);
			buildRules = (
			);
			dependencies = (
				843929122CAB407D00640076 /* PBXTargetDependency */,
			);
			name = ImageFeedTests;
			productName = ImageFeedTests;
			productReference = 8439290D2CAB407D00640076 /* ImageFeedTests.xctest */;
			productType = "com.apple.product-type.bundle.unit-test";
		};
		84AD16EC2C5C143B003B1BB0 /* ImageFeed */ = {
			isa = PBXNativeTarget;
			buildConfigurationList = 84AD17012C5C143D003B1BB0 /* Build configuration list for PBXNativeTarget "ImageFeed" */;
			buildPhases = (
				84AD16E92C5C143B003B1BB0 /* Sources */,
				84AD16EA2C5C143B003B1BB0 /* Frameworks */,
				84AD16EB2C5C143B003B1BB0 /* Resources */,
			);
			buildRules = (
			);
			dependencies = (
			);
			name = ImageFeed;
			packageProductDependencies = (
				8443A5C02C90A54700270243 /* ProgressHUD */,
				843928F82C9B08B800640076 /* Kingfisher */,
				843928FB2C9B701600640076 /* SwiftKeychainWrapper */,
			);
			productName = ImageFeed;
			productReference = 84AD16ED2C5C143B003B1BB0 /* ImageFeed.app */;
			productType = "com.apple.product-type.application";
		};
/* End PBXNativeTarget section */

/* Begin PBXProject section */
		84AD16E52C5C143B003B1BB0 /* Project object */ = {
			isa = PBXProject;
			attributes = {
				BuildIndependentTargetsInParallel = 1;
				LastSwiftUpdateCheck = 1540;
				LastUpgradeCheck = 1540;
				TargetAttributes = {
					840FDC9C2CBDB3BF006A71E3 = {
						CreatedOnToolsVersion = 15.4;
						TestTargetID = 84AD16EC2C5C143B003B1BB0;
					};
					840FDCAE2CC1AB45006A71E3 = {
						CreatedOnToolsVersion = 15.4;
						TestTargetID = 84AD16EC2C5C143B003B1BB0;
					};
					840FDCC42CC50E21006A71E3 = {
						CreatedOnToolsVersion = 15.4;
						TestTargetID = 84AD16EC2C5C143B003B1BB0;
					};
					840FDCD72CC515DD006A71E3 = {
						CreatedOnToolsVersion = 15.4;
						TestTargetID = 84AD16EC2C5C143B003B1BB0;
					};
					8439290C2CAB407D00640076 = {
						CreatedOnToolsVersion = 15.4;
						TestTargetID = 84AD16EC2C5C143B003B1BB0;
					};
					84AD16EC2C5C143B003B1BB0 = {
						CreatedOnToolsVersion = 15.4;
					};
				};
			};
			buildConfigurationList = 84AD16E82C5C143B003B1BB0 /* Build configuration list for PBXProject "ImageFeed" */;
			compatibilityVersion = "Xcode 14.0";
			developmentRegion = en;
			hasScannedForEncodings = 0;
			knownRegions = (
				en,
				Base,
			);
			mainGroup = 84AD16E42C5C143A003B1BB0;
			packageReferences = (
				8443A5BF2C90A54700270243 /* XCRemoteSwiftPackageReference "ProgressHUD" */,
				843928F72C9B08B800640076 /* XCRemoteSwiftPackageReference "Kingfisher" */,
				843928FA2C9B701600640076 /* XCRemoteSwiftPackageReference "SwiftKeychainWrapper" */,
			);
			productRefGroup = 84AD16EE2C5C143B003B1BB0 /* Products */;
			projectDirPath = "";
			projectRoot = "";
			targets = (
				84AD16EC2C5C143B003B1BB0 /* ImageFeed */,
				8439290C2CAB407D00640076 /* ImageFeedTests */,
				840FDC9C2CBDB3BF006A71E3 /* ImageFeedTests_2 */,
				840FDCAE2CC1AB45006A71E3 /* ImageFeedUITests */,
				840FDCC42CC50E21006A71E3 /* ProfileTest */,
				840FDCD72CC515DD006A71E3 /* ImagesListViewTest */,
			);
		};
/* End PBXProject section */

/* Begin PBXResourcesBuildPhase section */
		840FDC9B2CBDB3BF006A71E3 /* Resources */ = {
			isa = PBXResourcesBuildPhase;
			buildActionMask = 2147483647;
			files = (
			);
			runOnlyForDeploymentPostprocessing = 0;
		};
		840FDCAD2CC1AB45006A71E3 /* Resources */ = {
			isa = PBXResourcesBuildPhase;
			buildActionMask = 2147483647;
			files = (
			);
			runOnlyForDeploymentPostprocessing = 0;
		};
		840FDCC32CC50E21006A71E3 /* Resources */ = {
			isa = PBXResourcesBuildPhase;
			buildActionMask = 2147483647;
			files = (
			);
			runOnlyForDeploymentPostprocessing = 0;
		};
		840FDCD62CC515DD006A71E3 /* Resources */ = {
			isa = PBXResourcesBuildPhase;
			buildActionMask = 2147483647;
			files = (
			);
			runOnlyForDeploymentPostprocessing = 0;
		};
		8439290B2CAB407D00640076 /* Resources */ = {
			isa = PBXResourcesBuildPhase;
			buildActionMask = 2147483647;
			files = (
			);
			runOnlyForDeploymentPostprocessing = 0;
		};
		84AD16EB2C5C143B003B1BB0 /* Resources */ = {
			isa = PBXResourcesBuildPhase;
			buildActionMask = 2147483647;
			files = (
				84AD16FA2C5C143D003B1BB0 /* Assets.xcassets in Resources */,
				84AD16FD2C5C143D003B1BB0 /* Base in Resources */,
				84AD16F82C5C143B003B1BB0 /* Base in Resources */,
				8443A5A32C6E9AE200270243 /* Main.storyboard in Resources */,
			);
			runOnlyForDeploymentPostprocessing = 0;
		};
/* End PBXResourcesBuildPhase section */

/* Begin PBXSourcesBuildPhase section */
		840FDC992CBDB3BF006A71E3 /* Sources */ = {
			isa = PBXSourcesBuildPhase;
			buildActionMask = 2147483647;
			files = (
				840FDCA02CBDB3BF006A71E3 /* WebViewTests.swift in Sources */,
				840FDCEB2CC5ADB3006A71E3 /* WebViewViewControllerSpy.swift in Sources */,
				840FDCEA2CC5ADAF006A71E3 /* WebViewPresenterSpy.swift in Sources */,
			);
			runOnlyForDeploymentPostprocessing = 0;
		};
		840FDCAB2CC1AB45006A71E3 /* Sources */ = {
			isa = PBXSourcesBuildPhase;
			buildActionMask = 2147483647;
			files = (
				840FDCB42CC1AB45006A71E3 /* ImageFeedUITestsLaunchTests.swift in Sources */,
				840FDCB22CC1AB45006A71E3 /* ImageFeedUITests.swift in Sources */,
			);
			runOnlyForDeploymentPostprocessing = 0;
		};
		840FDCC12CC50E21006A71E3 /* Sources */ = {
			isa = PBXSourcesBuildPhase;
			buildActionMask = 2147483647;
			files = (
				840FDCC82CC50E21006A71E3 /* ProfileTest.swift in Sources */,
				840FDCEC2CC5ADC1006A71E3 /* ProfileViewControllerSpy.swift in Sources */,
				840FDCED2CC5ADC5006A71E3 /* ProfileViewPresenterSpy.swift in Sources */,
			);
			runOnlyForDeploymentPostprocessing = 0;
		};
		840FDCD42CC515DD006A71E3 /* Sources */ = {
			isa = PBXSourcesBuildPhase;
			buildActionMask = 2147483647;
			files = (
				840FDCDB2CC515DD006A71E3 /* ImagesListTest.swift in Sources */,
				840FDCEE2CC5ADCB006A71E3 /* ImagesListViewControllerSpy.swift in Sources */,
				840FDCEF2CC5ADCF006A71E3 /* ImagesListPresenterSpy.swift in Sources */,
			);
			runOnlyForDeploymentPostprocessing = 0;
		};
		843929092CAB407D00640076 /* Sources */ = {
			isa = PBXSourcesBuildPhase;
			buildActionMask = 2147483647;
			files = (
				843929102CAB407D00640076 /* ImagesListServiceTests.swift in Sources */,
			);
			runOnlyForDeploymentPostprocessing = 0;
		};
		84AD16E92C5C143B003B1BB0 /* Sources */ = {
			isa = PBXSourcesBuildPhase;
			buildActionMask = 2147483647;
			files = (
				843929192CAF179500640076 /* Photo.swift in Sources */,
				84AD16F52C5C143B003B1BB0 /* ImagesListViewController.swift in Sources */,
				843929172CAF175200640076 /* PhotoResult.swift in Sources */,
				8443A5C52C9614EB00270243 /* ProfileService.swift in Sources */,
				840FDC962CBD9DEC006A71E3 /* WebViewPresenter.swift in Sources */,
				840FDC982CBDB0C8006A71E3 /* AuthHelper.swift in Sources */,
				840FDCC02CC4F9D2006A71E3 /* ImagesListPresenter.swift in Sources */,
				8443A59B2C60115300270243 /* ImagesListCell.swift in Sources */,
				840FDCE32CC5A3EC006A71E3 /* ProfileResult.swift in Sources */,
				842F72212CB2E584002BC752 /* ProfileLogoutService.swift in Sources */,
				843928FE2C9C4F6A00640076 /* TabBarController.swift in Sources */,
				8443A59E2C640EDB00270243 /* ProfileViewController.swift in Sources */,
				840FDCBE2CC448BA006A71E3 /* ProfileViewPresenter.swift in Sources */,
				84AD16F12C5C143B003B1BB0 /* AppDelegate.swift in Sources */,
				8443A5B32C8636D600270243 /* OAuthTokenResponseBody.swift in Sources */,
				8443A5C72C96166200270243 /* ProfileImageService.swift in Sources */,
				8443A5B72C8769EE00270243 /* SplashViewController.swift in Sources */,
				8443A5A72C7BBFD800270243 /* AuthViewController.swift in Sources */,
				8443A5A52C7A703600270243 /* AuthConfiguration.swift in Sources */,
				8443A5C32C95EA1900270243 /* UIBlockingProgressHUD.swift in Sources */,
				8443A5A02C6A92D200270243 /* SingleImageViewController.swift in Sources */,
				8443A5BB2C88D34100270243 /* URLSession+data.swift in Sources */,
				843929062CA729E900640076 /* ImagesListService.swift in Sources */,
				840FDCE52CC5A42F006A71E3 /* Profile.swift in Sources */,
				8443A5AA2C7BC39900270243 /* WebViewViewController.swift in Sources */,
				8443A5AD2C81038600270243 /* OAuth2Service.swift in Sources */,
				8443A5B52C863AD400270243 /* OAuth2TokenStorage.swift in Sources */,
				84AD16F32C5C143B003B1BB0 /* SceneDelegate.swift in Sources */,
			);
			runOnlyForDeploymentPostprocessing = 0;
		};
/* End PBXSourcesBuildPhase section */

/* Begin PBXTargetDependency section */
		840FDCA22CBDB3BF006A71E3 /* PBXTargetDependency */ = {
			isa = PBXTargetDependency;
			target = 84AD16EC2C5C143B003B1BB0 /* ImageFeed */;
			targetProxy = 840FDCA12CBDB3BF006A71E3 /* PBXContainerItemProxy */;
		};
		840FDCB62CC1AB45006A71E3 /* PBXTargetDependency */ = {
			isa = PBXTargetDependency;
			target = 84AD16EC2C5C143B003B1BB0 /* ImageFeed */;
			targetProxy = 840FDCB52CC1AB45006A71E3 /* PBXContainerItemProxy */;
		};
		840FDCCA2CC50E21006A71E3 /* PBXTargetDependency */ = {
			isa = PBXTargetDependency;
			target = 84AD16EC2C5C143B003B1BB0 /* ImageFeed */;
			targetProxy = 840FDCC92CC50E21006A71E3 /* PBXContainerItemProxy */;
		};
		840FDCDD2CC515DD006A71E3 /* PBXTargetDependency */ = {
			isa = PBXTargetDependency;
			target = 84AD16EC2C5C143B003B1BB0 /* ImageFeed */;
			targetProxy = 840FDCDC2CC515DD006A71E3 /* PBXContainerItemProxy */;
		};
		843929122CAB407D00640076 /* PBXTargetDependency */ = {
			isa = PBXTargetDependency;
			target = 84AD16EC2C5C143B003B1BB0 /* ImageFeed */;
			targetProxy = 843929112CAB407D00640076 /* PBXContainerItemProxy */;
		};
/* End PBXTargetDependency section */

/* Begin PBXVariantGroup section */
		84AD16F62C5C143B003B1BB0 /* Main.storyboard */ = {
			isa = PBXVariantGroup;
			children = (
				84AD16F72C5C143B003B1BB0 /* Base */,
			);
			name = Main.storyboard;
			sourceTree = "<group>";
		};
		84AD16FB2C5C143D003B1BB0 /* LaunchScreen.storyboard */ = {
			isa = PBXVariantGroup;
			children = (
				84AD16FC2C5C143D003B1BB0 /* Base */,
			);
			name = LaunchScreen.storyboard;
			sourceTree = "<group>";
		};
/* End PBXVariantGroup section */

/* Begin XCBuildConfiguration section */
		840FDCA42CBDB3BF006A71E3 /* Debug */ = {
			isa = XCBuildConfiguration;
			buildSettings = {
				BUNDLE_LOADER = "$(TEST_HOST)";
				CODE_SIGN_STYLE = Automatic;
				CURRENT_PROJECT_VERSION = 1;
				DEVELOPMENT_TEAM = VRZ6LH69X6;
				GENERATE_INFOPLIST_FILE = YES;
				MARKETING_VERSION = 1.0;
				PRODUCT_BUNDLE_IDENTIFIER = "ru.yandex.practicum.ImageFeedTests-2";
				PRODUCT_NAME = "$(TARGET_NAME)";
				SWIFT_EMIT_LOC_STRINGS = NO;
				SWIFT_VERSION = 5.0;
				TARGETED_DEVICE_FAMILY = "1,2";
				TEST_HOST = "$(BUILT_PRODUCTS_DIR)/ImageFeed.app/$(BUNDLE_EXECUTABLE_FOLDER_PATH)/ImageFeed";
			};
			name = Debug;
		};
		840FDCA52CBDB3BF006A71E3 /* Release */ = {
			isa = XCBuildConfiguration;
			buildSettings = {
				BUNDLE_LOADER = "$(TEST_HOST)";
				CODE_SIGN_STYLE = Automatic;
				CURRENT_PROJECT_VERSION = 1;
				DEVELOPMENT_TEAM = VRZ6LH69X6;
				GENERATE_INFOPLIST_FILE = YES;
				MARKETING_VERSION = 1.0;
				PRODUCT_BUNDLE_IDENTIFIER = "ru.yandex.practicum.ImageFeedTests-2";
				PRODUCT_NAME = "$(TARGET_NAME)";
				SWIFT_EMIT_LOC_STRINGS = NO;
				SWIFT_VERSION = 5.0;
				TARGETED_DEVICE_FAMILY = "1,2";
				TEST_HOST = "$(BUILT_PRODUCTS_DIR)/ImageFeed.app/$(BUNDLE_EXECUTABLE_FOLDER_PATH)/ImageFeed";
			};
			name = Release;
		};
		840FDCB82CC1AB45006A71E3 /* Debug */ = {
			isa = XCBuildConfiguration;
			buildSettings = {
				CODE_SIGN_STYLE = Automatic;
				CURRENT_PROJECT_VERSION = 1;
				DEVELOPMENT_TEAM = VRZ6LH69X6;
				GENERATE_INFOPLIST_FILE = YES;
				MARKETING_VERSION = 1.0;
				PRODUCT_BUNDLE_IDENTIFIER = ru.yandex.practicum.ImageFeedUITests;
				PRODUCT_NAME = "$(TARGET_NAME)";
				SWIFT_EMIT_LOC_STRINGS = NO;
				SWIFT_VERSION = 5.0;
				TARGETED_DEVICE_FAMILY = "1,2";
				TEST_TARGET_NAME = ImageFeed;
			};
			name = Debug;
		};
		840FDCB92CC1AB45006A71E3 /* Release */ = {
			isa = XCBuildConfiguration;
			buildSettings = {
				CODE_SIGN_STYLE = Automatic;
				CURRENT_PROJECT_VERSION = 1;
				DEVELOPMENT_TEAM = VRZ6LH69X6;
				GENERATE_INFOPLIST_FILE = YES;
				MARKETING_VERSION = 1.0;
				PRODUCT_BUNDLE_IDENTIFIER = ru.yandex.practicum.ImageFeedUITests;
				PRODUCT_NAME = "$(TARGET_NAME)";
				SWIFT_EMIT_LOC_STRINGS = NO;
				SWIFT_VERSION = 5.0;
				TARGETED_DEVICE_FAMILY = "1,2";
				TEST_TARGET_NAME = ImageFeed;
			};
			name = Release;
		};
		840FDCCC2CC50E22006A71E3 /* Debug */ = {
			isa = XCBuildConfiguration;
			buildSettings = {
				BUNDLE_LOADER = "$(TEST_HOST)";
				CODE_SIGN_STYLE = Automatic;
				CURRENT_PROJECT_VERSION = 1;
				DEVELOPMENT_TEAM = VRZ6LH69X6;
				GENERATE_INFOPLIST_FILE = YES;
				MARKETING_VERSION = 1.0;
				PRODUCT_BUNDLE_IDENTIFIER = ru.yandex.practicum.ProfileTest;
				PRODUCT_NAME = "$(TARGET_NAME)";
				SWIFT_EMIT_LOC_STRINGS = NO;
				SWIFT_VERSION = 5.0;
				TARGETED_DEVICE_FAMILY = "1,2";
				TEST_HOST = "$(BUILT_PRODUCTS_DIR)/ImageFeed.app/$(BUNDLE_EXECUTABLE_FOLDER_PATH)/ImageFeed";
			};
			name = Debug;
		};
		840FDCCD2CC50E22006A71E3 /* Release */ = {
			isa = XCBuildConfiguration;
			buildSettings = {
				BUNDLE_LOADER = "$(TEST_HOST)";
				CODE_SIGN_STYLE = Automatic;
				CURRENT_PROJECT_VERSION = 1;
				DEVELOPMENT_TEAM = VRZ6LH69X6;
				GENERATE_INFOPLIST_FILE = YES;
				MARKETING_VERSION = 1.0;
				PRODUCT_BUNDLE_IDENTIFIER = ru.yandex.practicum.ProfileTest;
				PRODUCT_NAME = "$(TARGET_NAME)";
				SWIFT_EMIT_LOC_STRINGS = NO;
				SWIFT_VERSION = 5.0;
				TARGETED_DEVICE_FAMILY = "1,2";
				TEST_HOST = "$(BUILT_PRODUCTS_DIR)/ImageFeed.app/$(BUNDLE_EXECUTABLE_FOLDER_PATH)/ImageFeed";
			};
			name = Release;
		};
		840FDCDE2CC515DD006A71E3 /* Debug */ = {
			isa = XCBuildConfiguration;
			buildSettings = {
				BUNDLE_LOADER = "$(TEST_HOST)";
				CODE_SIGN_STYLE = Automatic;
				CURRENT_PROJECT_VERSION = 1;
				DEVELOPMENT_TEAM = VRZ6LH69X6;
				GENERATE_INFOPLIST_FILE = YES;
				MARKETING_VERSION = 1.0;
				PRODUCT_BUNDLE_IDENTIFIER = ru.yandex.practicum.ImagesListViewTest;
				PRODUCT_NAME = "$(TARGET_NAME)";
				SWIFT_EMIT_LOC_STRINGS = NO;
				SWIFT_VERSION = 5.0;
				TARGETED_DEVICE_FAMILY = "1,2";
				TEST_HOST = "$(BUILT_PRODUCTS_DIR)/ImageFeed.app/$(BUNDLE_EXECUTABLE_FOLDER_PATH)/ImageFeed";
			};
			name = Debug;
		};
		840FDCDF2CC515DD006A71E3 /* Release */ = {
			isa = XCBuildConfiguration;
			buildSettings = {
				BUNDLE_LOADER = "$(TEST_HOST)";
				CODE_SIGN_STYLE = Automatic;
				CURRENT_PROJECT_VERSION = 1;
				DEVELOPMENT_TEAM = VRZ6LH69X6;
				GENERATE_INFOPLIST_FILE = YES;
				MARKETING_VERSION = 1.0;
				PRODUCT_BUNDLE_IDENTIFIER = ru.yandex.practicum.ImagesListViewTest;
				PRODUCT_NAME = "$(TARGET_NAME)";
				SWIFT_EMIT_LOC_STRINGS = NO;
				SWIFT_VERSION = 5.0;
				TARGETED_DEVICE_FAMILY = "1,2";
				TEST_HOST = "$(BUILT_PRODUCTS_DIR)/ImageFeed.app/$(BUNDLE_EXECUTABLE_FOLDER_PATH)/ImageFeed";
			};
			name = Release;
		};
		843929142CAB407D00640076 /* Debug */ = {
			isa = XCBuildConfiguration;
			buildSettings = {
				BUNDLE_LOADER = "$(TEST_HOST)";
				CODE_SIGN_STYLE = Automatic;
				CURRENT_PROJECT_VERSION = 1;
				DEVELOPMENT_TEAM = VRZ6LH69X6;
				GENERATE_INFOPLIST_FILE = YES;
				MARKETING_VERSION = 1.0;
				PRODUCT_BUNDLE_IDENTIFIER = ru.yandex.practicum.ImageFeedTests;
				PRODUCT_NAME = "$(TARGET_NAME)";
				SWIFT_EMIT_LOC_STRINGS = NO;
				SWIFT_VERSION = 5.0;
				TARGETED_DEVICE_FAMILY = "1,2";
				TEST_HOST = "$(BUILT_PRODUCTS_DIR)/ImageFeed.app/$(BUNDLE_EXECUTABLE_FOLDER_PATH)/ImageFeed";
			};
			name = Debug;
		};
		843929152CAB407D00640076 /* Release */ = {
			isa = XCBuildConfiguration;
			buildSettings = {
				BUNDLE_LOADER = "$(TEST_HOST)";
				CODE_SIGN_STYLE = Automatic;
				CURRENT_PROJECT_VERSION = 1;
				DEVELOPMENT_TEAM = VRZ6LH69X6;
				GENERATE_INFOPLIST_FILE = YES;
				MARKETING_VERSION = 1.0;
				PRODUCT_BUNDLE_IDENTIFIER = ru.yandex.practicum.ImageFeedTests;
				PRODUCT_NAME = "$(TARGET_NAME)";
				SWIFT_EMIT_LOC_STRINGS = NO;
				SWIFT_VERSION = 5.0;
				TARGETED_DEVICE_FAMILY = "1,2";
				TEST_HOST = "$(BUILT_PRODUCTS_DIR)/ImageFeed.app/$(BUNDLE_EXECUTABLE_FOLDER_PATH)/ImageFeed";
			};
			name = Release;
		};
		84AD16FF2C5C143D003B1BB0 /* Debug */ = {
			isa = XCBuildConfiguration;
			buildSettings = {
				ALWAYS_SEARCH_USER_PATHS = NO;
				ASSETCATALOG_COMPILER_GENERATE_SWIFT_ASSET_SYMBOL_EXTENSIONS = YES;
				CLANG_ANALYZER_NONNULL = YES;
				CLANG_ANALYZER_NUMBER_OBJECT_CONVERSION = YES_AGGRESSIVE;
				CLANG_CXX_LANGUAGE_STANDARD = "gnu++20";
				CLANG_ENABLE_MODULES = YES;
				CLANG_ENABLE_OBJC_ARC = YES;
				CLANG_ENABLE_OBJC_WEAK = YES;
				CLANG_WARN_BLOCK_CAPTURE_AUTORELEASING = YES;
				CLANG_WARN_BOOL_CONVERSION = YES;
				CLANG_WARN_COMMA = YES;
				CLANG_WARN_CONSTANT_CONVERSION = YES;
				CLANG_WARN_DEPRECATED_OBJC_IMPLEMENTATIONS = YES;
				CLANG_WARN_DIRECT_OBJC_ISA_USAGE = YES_ERROR;
				CLANG_WARN_DOCUMENTATION_COMMENTS = YES;
				CLANG_WARN_EMPTY_BODY = YES;
				CLANG_WARN_ENUM_CONVERSION = YES;
				CLANG_WARN_INFINITE_RECURSION = YES;
				CLANG_WARN_INT_CONVERSION = YES;
				CLANG_WARN_NON_LITERAL_NULL_CONVERSION = YES;
				CLANG_WARN_OBJC_IMPLICIT_RETAIN_SELF = YES;
				CLANG_WARN_OBJC_LITERAL_CONVERSION = YES;
				CLANG_WARN_OBJC_ROOT_CLASS = YES_ERROR;
				CLANG_WARN_QUOTED_INCLUDE_IN_FRAMEWORK_HEADER = YES;
				CLANG_WARN_RANGE_LOOP_ANALYSIS = YES;
				CLANG_WARN_STRICT_PROTOTYPES = YES;
				CLANG_WARN_SUSPICIOUS_MOVE = YES;
				CLANG_WARN_UNGUARDED_AVAILABILITY = YES_AGGRESSIVE;
				CLANG_WARN_UNREACHABLE_CODE = YES;
				CLANG_WARN__DUPLICATE_METHOD_MATCH = YES;
				COPY_PHASE_STRIP = NO;
				DEBUG_INFORMATION_FORMAT = dwarf;
				ENABLE_STRICT_OBJC_MSGSEND = YES;
				ENABLE_TESTABILITY = YES;
				ENABLE_USER_SCRIPT_SANDBOXING = YES;
				GCC_C_LANGUAGE_STANDARD = gnu17;
				GCC_DYNAMIC_NO_PIC = NO;
				GCC_NO_COMMON_BLOCKS = YES;
				GCC_OPTIMIZATION_LEVEL = 0;
				GCC_PREPROCESSOR_DEFINITIONS = (
					"DEBUG=1",
					"$(inherited)",
				);
				GCC_WARN_64_TO_32_BIT_CONVERSION = YES;
				GCC_WARN_ABOUT_RETURN_TYPE = YES_ERROR;
				GCC_WARN_UNDECLARED_SELECTOR = YES;
				GCC_WARN_UNINITIALIZED_AUTOS = YES_AGGRESSIVE;
				GCC_WARN_UNUSED_FUNCTION = YES;
				GCC_WARN_UNUSED_VARIABLE = YES;
				IPHONEOS_DEPLOYMENT_TARGET = 17.5;
				LOCALIZATION_PREFERS_STRING_CATALOGS = YES;
				MTL_ENABLE_DEBUG_INFO = INCLUDE_SOURCE;
				MTL_FAST_MATH = YES;
				ONLY_ACTIVE_ARCH = YES;
				SDKROOT = iphoneos;
				SWIFT_ACTIVE_COMPILATION_CONDITIONS = "DEBUG $(inherited)";
				SWIFT_OPTIMIZATION_LEVEL = "-Onone";
			};
			name = Debug;
		};
		84AD17002C5C143D003B1BB0 /* Release */ = {
			isa = XCBuildConfiguration;
			buildSettings = {
				ALWAYS_SEARCH_USER_PATHS = NO;
				ASSETCATALOG_COMPILER_GENERATE_SWIFT_ASSET_SYMBOL_EXTENSIONS = YES;
				CLANG_ANALYZER_NONNULL = YES;
				CLANG_ANALYZER_NUMBER_OBJECT_CONVERSION = YES_AGGRESSIVE;
				CLANG_CXX_LANGUAGE_STANDARD = "gnu++20";
				CLANG_ENABLE_MODULES = YES;
				CLANG_ENABLE_OBJC_ARC = YES;
				CLANG_ENABLE_OBJC_WEAK = YES;
				CLANG_WARN_BLOCK_CAPTURE_AUTORELEASING = YES;
				CLANG_WARN_BOOL_CONVERSION = YES;
				CLANG_WARN_COMMA = YES;
				CLANG_WARN_CONSTANT_CONVERSION = YES;
				CLANG_WARN_DEPRECATED_OBJC_IMPLEMENTATIONS = YES;
				CLANG_WARN_DIRECT_OBJC_ISA_USAGE = YES_ERROR;
				CLANG_WARN_DOCUMENTATION_COMMENTS = YES;
				CLANG_WARN_EMPTY_BODY = YES;
				CLANG_WARN_ENUM_CONVERSION = YES;
				CLANG_WARN_INFINITE_RECURSION = YES;
				CLANG_WARN_INT_CONVERSION = YES;
				CLANG_WARN_NON_LITERAL_NULL_CONVERSION = YES;
				CLANG_WARN_OBJC_IMPLICIT_RETAIN_SELF = YES;
				CLANG_WARN_OBJC_LITERAL_CONVERSION = YES;
				CLANG_WARN_OBJC_ROOT_CLASS = YES_ERROR;
				CLANG_WARN_QUOTED_INCLUDE_IN_FRAMEWORK_HEADER = YES;
				CLANG_WARN_RANGE_LOOP_ANALYSIS = YES;
				CLANG_WARN_STRICT_PROTOTYPES = YES;
				CLANG_WARN_SUSPICIOUS_MOVE = YES;
				CLANG_WARN_UNGUARDED_AVAILABILITY = YES_AGGRESSIVE;
				CLANG_WARN_UNREACHABLE_CODE = YES;
				CLANG_WARN__DUPLICATE_METHOD_MATCH = YES;
				COPY_PHASE_STRIP = NO;
				DEBUG_INFORMATION_FORMAT = "dwarf-with-dsym";
				ENABLE_NS_ASSERTIONS = NO;
				ENABLE_STRICT_OBJC_MSGSEND = YES;
				ENABLE_USER_SCRIPT_SANDBOXING = YES;
				GCC_C_LANGUAGE_STANDARD = gnu17;
				GCC_NO_COMMON_BLOCKS = YES;
				GCC_WARN_64_TO_32_BIT_CONVERSION = YES;
				GCC_WARN_ABOUT_RETURN_TYPE = YES_ERROR;
				GCC_WARN_UNDECLARED_SELECTOR = YES;
				GCC_WARN_UNINITIALIZED_AUTOS = YES_AGGRESSIVE;
				GCC_WARN_UNUSED_FUNCTION = YES;
				GCC_WARN_UNUSED_VARIABLE = YES;
				IPHONEOS_DEPLOYMENT_TARGET = 17.5;
				LOCALIZATION_PREFERS_STRING_CATALOGS = YES;
				MTL_ENABLE_DEBUG_INFO = NO;
				MTL_FAST_MATH = YES;
				SDKROOT = iphoneos;
				SWIFT_COMPILATION_MODE = wholemodule;
				VALIDATE_PRODUCT = YES;
			};
			name = Release;
		};
		84AD17022C5C143D003B1BB0 /* Debug */ = {
			isa = XCBuildConfiguration;
			buildSettings = {
				ASSETCATALOG_COMPILER_APPICON_NAME = AppIcon;
				ASSETCATALOG_COMPILER_GLOBAL_ACCENT_COLOR_NAME = AccentColor;
				CODE_SIGN_STYLE = Automatic;
				CURRENT_PROJECT_VERSION = 1;
				DEVELOPMENT_TEAM = VRZ6LH69X6;
				GENERATE_INFOPLIST_FILE = YES;
				INFOPLIST_FILE = ImageFeed/Info.plist;
				INFOPLIST_KEY_NSPhotoLibraryAddUsageDescription = "to let you export images to photo library";
				INFOPLIST_KEY_UIApplicationSupportsIndirectInputEvents = YES;
				INFOPLIST_KEY_UILaunchStoryboardName = LaunchScreen;
				INFOPLIST_KEY_UIMainStoryboardFile = Main;
				INFOPLIST_KEY_UISupportedInterfaceOrientations = UIInterfaceOrientationPortrait;
				INFOPLIST_KEY_UISupportedInterfaceOrientations_iPad = UIInterfaceOrientationPortrait;
				IPHONEOS_DEPLOYMENT_TARGET = 13.0;
				LD_RUNPATH_SEARCH_PATHS = (
					"$(inherited)",
					"@executable_path/Frameworks",
				);
				MARKETING_VERSION = 1.0;
				PRODUCT_BUNDLE_IDENTIFIER = ru.yandex.practicum.ImageFeed;
				PRODUCT_NAME = "$(TARGET_NAME)";
				SUPPORTED_PLATFORMS = "iphoneos iphonesimulator";
				SUPPORTS_MACCATALYST = NO;
				SUPPORTS_MAC_DESIGNED_FOR_IPHONE_IPAD = NO;
				SUPPORTS_XR_DESIGNED_FOR_IPHONE_IPAD = NO;
				SWIFT_EMIT_LOC_STRINGS = YES;
				SWIFT_VERSION = 5.0;
				TARGETED_DEVICE_FAMILY = 1;
			};
			name = Debug;
		};
		84AD17032C5C143D003B1BB0 /* Release */ = {
			isa = XCBuildConfiguration;
			buildSettings = {
				ASSETCATALOG_COMPILER_APPICON_NAME = AppIcon;
				ASSETCATALOG_COMPILER_GLOBAL_ACCENT_COLOR_NAME = AccentColor;
				CODE_SIGN_STYLE = Automatic;
				CURRENT_PROJECT_VERSION = 1;
				DEVELOPMENT_TEAM = VRZ6LH69X6;
				GENERATE_INFOPLIST_FILE = YES;
				INFOPLIST_FILE = ImageFeed/Info.plist;
				INFOPLIST_KEY_NSPhotoLibraryAddUsageDescription = "to let you export images to photo library";
				INFOPLIST_KEY_UIApplicationSupportsIndirectInputEvents = YES;
				INFOPLIST_KEY_UILaunchStoryboardName = LaunchScreen;
				INFOPLIST_KEY_UIMainStoryboardFile = Main;
				INFOPLIST_KEY_UISupportedInterfaceOrientations = UIInterfaceOrientationPortrait;
				INFOPLIST_KEY_UISupportedInterfaceOrientations_iPad = UIInterfaceOrientationPortrait;
				IPHONEOS_DEPLOYMENT_TARGET = 13.0;
				LD_RUNPATH_SEARCH_PATHS = (
					"$(inherited)",
					"@executable_path/Frameworks",
				);
				MARKETING_VERSION = 1.0;
				PRODUCT_BUNDLE_IDENTIFIER = ru.yandex.practicum.ImageFeed;
				PRODUCT_NAME = "$(TARGET_NAME)";
				SUPPORTED_PLATFORMS = "iphoneos iphonesimulator";
				SUPPORTS_MACCATALYST = NO;
				SUPPORTS_MAC_DESIGNED_FOR_IPHONE_IPAD = NO;
				SUPPORTS_XR_DESIGNED_FOR_IPHONE_IPAD = NO;
				SWIFT_EMIT_LOC_STRINGS = YES;
				SWIFT_VERSION = 5.0;
				TARGETED_DEVICE_FAMILY = 1;
			};
			name = Release;
		};
/* End XCBuildConfiguration section */

/* Begin XCConfigurationList section */
		840FDCA32CBDB3BF006A71E3 /* Build configuration list for PBXNativeTarget "ImageFeedTests_2" */ = {
			isa = XCConfigurationList;
			buildConfigurations = (
				840FDCA42CBDB3BF006A71E3 /* Debug */,
				840FDCA52CBDB3BF006A71E3 /* Release */,
			);
			defaultConfigurationIsVisible = 0;
			defaultConfigurationName = Release;
		};
		840FDCB72CC1AB45006A71E3 /* Build configuration list for PBXNativeTarget "ImageFeedUITests" */ = {
			isa = XCConfigurationList;
			buildConfigurations = (
				840FDCB82CC1AB45006A71E3 /* Debug */,
				840FDCB92CC1AB45006A71E3 /* Release */,
			);
			defaultConfigurationIsVisible = 0;
			defaultConfigurationName = Release;
		};
		840FDCCB2CC50E22006A71E3 /* Build configuration list for PBXNativeTarget "ProfileTest" */ = {
			isa = XCConfigurationList;
			buildConfigurations = (
				840FDCCC2CC50E22006A71E3 /* Debug */,
				840FDCCD2CC50E22006A71E3 /* Release */,
			);
			defaultConfigurationIsVisible = 0;
			defaultConfigurationName = Release;
		};
		840FDCE02CC515DD006A71E3 /* Build configuration list for PBXNativeTarget "ImagesListViewTest" */ = {
			isa = XCConfigurationList;
			buildConfigurations = (
				840FDCDE2CC515DD006A71E3 /* Debug */,
				840FDCDF2CC515DD006A71E3 /* Release */,
			);
			defaultConfigurationIsVisible = 0;
			defaultConfigurationName = Release;
		};
		843929132CAB407D00640076 /* Build configuration list for PBXNativeTarget "ImageFeedTests" */ = {
			isa = XCConfigurationList;
			buildConfigurations = (
				843929142CAB407D00640076 /* Debug */,
				843929152CAB407D00640076 /* Release */,
			);
			defaultConfigurationIsVisible = 0;
			defaultConfigurationName = Release;
		};
		84AD16E82C5C143B003B1BB0 /* Build configuration list for PBXProject "ImageFeed" */ = {
			isa = XCConfigurationList;
			buildConfigurations = (
				84AD16FF2C5C143D003B1BB0 /* Debug */,
				84AD17002C5C143D003B1BB0 /* Release */,
			);
			defaultConfigurationIsVisible = 0;
			defaultConfigurationName = Release;
		};
		84AD17012C5C143D003B1BB0 /* Build configuration list for PBXNativeTarget "ImageFeed" */ = {
			isa = XCConfigurationList;
			buildConfigurations = (
				84AD17022C5C143D003B1BB0 /* Debug */,
				84AD17032C5C143D003B1BB0 /* Release */,
			);
			defaultConfigurationIsVisible = 0;
			defaultConfigurationName = Release;
		};
/* End XCConfigurationList section */

/* Begin XCRemoteSwiftPackageReference section */
		843928F72C9B08B800640076 /* XCRemoteSwiftPackageReference "Kingfisher" */ = {
			isa = XCRemoteSwiftPackageReference;
			repositoryURL = "https://github.com/onevcat/Kingfisher";
			requirement = {
				kind = upToNextMinorVersion;
				minimumVersion = 8.0.0;
			};
		};
		843928FA2C9B701600640076 /* XCRemoteSwiftPackageReference "SwiftKeychainWrapper" */ = {
			isa = XCRemoteSwiftPackageReference;
			repositoryURL = "https://github.com/jrendel/SwiftKeychainWrapper";
			requirement = {
				kind = upToNextMinorVersion;
				minimumVersion = 4.0.1;
			};
		};
		8443A5BF2C90A54700270243 /* XCRemoteSwiftPackageReference "ProgressHUD" */ = {
			isa = XCRemoteSwiftPackageReference;
			repositoryURL = "https://github.com/relatedcode/ProgressHUD";
			requirement = {
				kind = upToNextMinorVersion;
				minimumVersion = 14.1.3;
			};
		};
/* End XCRemoteSwiftPackageReference section */

/* Begin XCSwiftPackageProductDependency section */
		843928F82C9B08B800640076 /* Kingfisher */ = {
			isa = XCSwiftPackageProductDependency;
			package = 843928F72C9B08B800640076 /* XCRemoteSwiftPackageReference "Kingfisher" */;
			productName = Kingfisher;
		};
		843928FB2C9B701600640076 /* SwiftKeychainWrapper */ = {
			isa = XCSwiftPackageProductDependency;
			package = 843928FA2C9B701600640076 /* XCRemoteSwiftPackageReference "SwiftKeychainWrapper" */;
			productName = SwiftKeychainWrapper;
		};
		8443A5C02C90A54700270243 /* ProgressHUD */ = {
			isa = XCSwiftPackageProductDependency;
			package = 8443A5BF2C90A54700270243 /* XCRemoteSwiftPackageReference "ProgressHUD" */;
			productName = ProgressHUD;
		};
/* End XCSwiftPackageProductDependency section */
	};
	rootObject = 84AD16E52C5C143B003B1BB0 /* Project object */;
}
